
Microsoft Visual Studio Solution File, Format Version 12.00
# Visual Studio Version 17
VisualStudioVersion = 17.14.36414.22 d17.14
MinimumVisualStudioVersion = 10.0.40219.1
Project("{FAE04EC0-301F-11D3-BF4B-00C04F79EFBC}") = "poag-eli-a1-textRPGNEW", "poag-eli-a1-textRPGNEW.csproj", "{45691113-4FBA-4510-94ED-E3072ECF74C1}"
EndProject
Global
	GlobalSection(SolutionConfigurationPlatforms) = preSolution
		Debug|Any CPU = Debug|Any CPU
		Release|Any CPU = Release|Any CPU
	EndGlobalSection
	GlobalSection(ProjectConfigurationPlatforms) = postSolution
		{45691113-4FBA-4510-94ED-E3072ECF74C1}.Debug|Any CPU.ActiveCfg = Debug|Any CPU
		{45691113-4FBA-4510-94ED-E3072ECF74C1}.Debug|Any CPU.Build.0 = Debug|Any CPU
		{45691113-4FBA-4510-94ED-E3072ECF74C1}.Release|Any CPU.ActiveCfg = Release|Any CPU
		{45691113-4FBA-4510-94ED-E3072ECF74C1}.Release|Any CPU.Build.0 = Release|Any CPU
	EndGlobalSection
	GlobalSection(SolutionProperties) = preSolution
		HideSolutionNode = FALSE
	EndGlobalSection
	GlobalSection(ExtensibilityGlobals) = postSolution
		SolutionGuid = {6F137E3E-82DD-4C2C-B8E8-B86D1E156F28}
	EndGlobalSection
EndGlobal
